
Microsoft Visual Studio Solution File, Format Version 12.00
# Visual Studio Version 17
VisualStudioVersion = 17.2.32519.379
MinimumVisualStudioVersion = 10.0.40219.1
Project("{FAE04EC0-301F-11D3-BF4B-00C04F79EFBC}") = "DownloadManager", "DownloadManager\DownloadManager.csproj", "{A5C513D0-3444-4135-A505-A86A48280FC0}"
EndProject
Project("{FAE04EC0-301F-11D3-BF4B-00C04F79EFBC}") = "DownloadManagerService", "DownloadManagerService\DownloadManagerService.csproj", "{2F1A5958-0A95-4686-BCC1-07341EEFA562}"
EndProject
Global
	GlobalSection(SolutionConfigurationPlatforms) = preSolution
		Debug|Any CPU = Debug|Any CPU
		Release|Any CPU = Release|Any CPU
	EndGlobalSection
	GlobalSection(ProjectConfigurationPlatforms) = postSolution
		{A5C513D0-3444-4135-A505-A86A48280FC0}.Debug|Any CPU.ActiveCfg = Debug|Any CPU
		{A5C513D0-3444-4135-A505-A86A48280FC0}.Debug|Any CPU.Build.0 = Debug|Any CPU
		{A5C513D0-3444-4135-A505-A86A48280FC0}.Release|Any CPU.ActiveCfg = Release|Any CPU
		{A5C513D0-3444-4135-A505-A86A48280FC0}.Release|Any CPU.Build.0 = Release|Any CPU
		{2F1A5958-0A95-4686-BCC1-07341EEFA562}.Debug|Any CPU.ActiveCfg = Debug|Any CPU
		{2F1A5958-0A95-4686-BCC1-07341EEFA562}.Debug|Any CPU.Build.0 = Debug|Any CPU
		{2F1A5958-0A95-4686-BCC1-07341EEFA562}.Release|Any CPU.ActiveCfg = Release|Any CPU
		{2F1A5958-0A95-4686-BCC1-07341EEFA562}.Release|Any CPU.Build.0 = Release|Any CPU
	EndGlobalSection
	GlobalSection(SolutionProperties) = preSolution
		HideSolutionNode = FALSE
	EndGlobalSection
	GlobalSection(ExtensibilityGlobals) = postSolution
		SolutionGuid = {640C6133-E6BA-4D65-BB95-D4BD560198F4}
	EndGlobalSection
EndGlobal
